
Microsoft Visual Studio Solution File, Format Version 12.00
# Visual Studio Version 17
VisualStudioVersion = 17.1.32319.34
MinimumVisualStudioVersion = 10.0.40219.1
Project("{FAE04EC0-301F-11D3-BF4B-00C04F79EFBC}") = "TranslatorBot", "TranslatorBot\TranslatorBot.csproj", "{DC74CE2C-8891-4137-A290-04014BC2D96B}"
EndProject
Global
	GlobalSection(SolutionConfigurationPlatforms) = preSolution
		Debug|Any CPU = Debug|Any CPU
		Release|Any CPU = Release|Any CPU
	EndGlobalSection
	GlobalSection(ProjectConfigurationPlatforms) = postSolution
		{DC74CE2C-8891-4137-A290-04014BC2D96B}.Debug|Any CPU.ActiveCfg = Debug|Any CPU
		{DC74CE2C-8891-4137-A290-04014BC2D96B}.Debug|Any CPU.Build.0 = Debug|Any CPU
		{DC74CE2C-8891-4137-A290-04014BC2D96B}.Release|Any CPU.ActiveCfg = Release|Any CPU
		{DC74CE2C-8891-4137-A290-04014BC2D96B}.Release|Any CPU.Build.0 = Release|Any CPU
	EndGlobalSection
	GlobalSection(SolutionProperties) = preSolution
		HideSolutionNode = FALSE
	EndGlobalSection
	GlobalSection(ExtensibilityGlobals) = postSolution
		SolutionGuid = {6ACC6880-0398-472F-946D-DAE1336A9FE4}
	EndGlobalSection
EndGlobal
